// !$*UTF8*$!
{
	archiveVersion = 1;
	classes = {
	};
	objectVersion = 77;
	objects = {

/* Begin PBXBuildFile section */
		1CDACC402EAC873B00D0E108 /* Alamofire in Frameworks */ = {isa = PBXBuildFile; productRef = 1CDACC3F2EAC873B00D0E108 /* Alamofire */; };
		F6F5D23F92AEC575A15ACE0E /* Pods_Weather_iOS_Weather_iOSUITests.framework in Frameworks */ = {isa = PBXBuildFile; fileRef = A6781CDD5D107275C9FA7717 /* Pods_Weather_iOS_Weather_iOSUITests.framework */; };
		F86B259E6BEFF031CAA289B3 /* Pods_Weather_iOSTests.framework in Frameworks */ = {isa = PBXBuildFile; fileRef = AB94D7B6F2AAF620BA0082BE /* Pods_Weather_iOSTests.framework */; };
/* End PBXBuildFile section */

/* Begin PBXContainerItemProxy section */
		1CA022FE2EAB90030091F5ED /* PBXContainerItemProxy */ = {
			isa = PBXContainerItemProxy;
			containerPortal = 1CA022E82EAB90000091F5ED /* Project object */;
			proxyType = 1;
			remoteGlobalIDString = 1CA022EF2EAB90000091F5ED;
			remoteInfo = "Weather-iOS";
		};
		1CA023082EAB90030091F5ED /* PBXContainerItemProxy */ = {
			isa = PBXContainerItemProxy;
			containerPortal = 1CA022E82EAB90000091F5ED /* Project object */;
			proxyType = 1;
			remoteGlobalIDString = 1CA022EF2EAB90000091F5ED;
			remoteInfo = "Weather-iOS";
		};
/* End PBXContainerItemProxy section */

/* Begin PBXFileReference section */
		1CA022F02EAB90000091F5ED /* Weather-iOS.app */ = {isa = PBXFileReference; explicitFileType = wrapper.application; includeInIndex = 0; path = "Weather-iOS.app"; sourceTree = BUILT_PRODUCTS_DIR; };
		1CA022FD2EAB90030091F5ED /* Weather-iOSTests.xctest */ = {isa = PBXFileReference; explicitFileType = wrapper.cfbundle; includeInIndex = 0; path = "Weather-iOSTests.xctest"; sourceTree = BUILT_PRODUCTS_DIR; };
		1CA023072EAB90030091F5ED /* Weather-iOSUITests.xctest */ = {isa = PBXFileReference; explicitFileType = wrapper.cfbundle; includeInIndex = 0; path = "Weather-iOSUITests.xctest"; sourceTree = BUILT_PRODUCTS_DIR; };
		76BCCA27B757ED559E34F3BB /* Pods_Weather_iOS.framework */ = {isa = PBXFileReference; explicitFileType = wrapper.framework; includeInIndex = 0; path = Pods_Weather_iOS.framework; sourceTree = BUILT_PRODUCTS_DIR; };
		A6781CDD5D107275C9FA7717 /* Pods_Weather_iOS_Weather_iOSUITests.framework */ = {isa = PBXFileReference; explicitFileType = wrapper.framework; includeInIndex = 0; path = Pods_Weather_iOS_Weather_iOSUITests.framework; sourceTree = BUILT_PRODUCTS_DIR; };
		AB94D7B6F2AAF620BA0082BE /* Pods_Weather_iOSTests.framework */ = {isa = PBXFileReference; explicitFileType = wrapper.framework; includeInIndex = 0; path = Pods_Weather_iOSTests.framework; sourceTree = BUILT_PRODUCTS_DIR; };
/* End PBXFileReference section */

/* Begin PBXFileSystemSynchronizedRootGroup section */
		1CA022F22EAB90000091F5ED /* Weather-iOS */ = {
			isa = PBXFileSystemSynchronizedRootGroup;
			path = "Weather-iOS";
			sourceTree = "<group>";
		};
		1CA023002EAB90030091F5ED /* Weather-iOSTests */ = {
			isa = PBXFileSystemSynchronizedRootGroup;
			path = "Weather-iOSTests";
			sourceTree = "<group>";
		};
		1CA0230A2EAB90030091F5ED /* Weather-iOSUITests */ = {
			isa = PBXFileSystemSynchronizedRootGroup;
			path = "Weather-iOSUITests";
			sourceTree = "<group>";
		};
/* End PBXFileSystemSynchronizedRootGroup section */

/* Begin PBXFrameworksBuildPhase section */
		1CA022ED2EAB90000091F5ED /* Frameworks */ = {
			isa = PBXFrameworksBuildPhase;
			buildActionMask = 2147483647;
			files = (
				1CDACC402EAC873B00D0E108 /* Alamofire in Frameworks */,
			);
			runOnlyForDeploymentPostprocessing = 0;
		};
		1CA022FA2EAB90030091F5ED /* Frameworks */ = {
			isa = PBXFrameworksBuildPhase;
			buildActionMask = 2147483647;
			files = (
				F86B259E6BEFF031CAA289B3 /* Pods_Weather_iOSTests.framework in Frameworks */,
			);
			runOnlyForDeploymentPostprocessing = 0;
		};
		1CA023042EAB90030091F5ED /* Frameworks */ = {
			isa = PBXFrameworksBuildPhase;
			buildActionMask = 2147483647;
			files = (
				F6F5D23F92AEC575A15ACE0E /* Pods_Weather_iOS_Weather_iOSUITests.framework in Frameworks */,
			);
			runOnlyForDeploymentPostprocessing = 0;
		};
/* End PBXFrameworksBuildPhase section */

/* Begin PBXGroup section */
		1CA022E72EAB90000091F5ED = {
			isa = PBXGroup;
			children = (
				1CA022F22EAB90000091F5ED /* Weather-iOS */,
				1CA023002EAB90030091F5ED /* Weather-iOSTests */,
				1CA0230A2EAB90030091F5ED /* Weather-iOSUITests */,
				1CA022F12EAB90000091F5ED /* Products */,
				B7949157544A1E69AB60121D /* Frameworks */,
			);
			sourceTree = "<group>";
		};
		1CA022F12EAB90000091F5ED /* Products */ = {
			isa = PBXGroup;
			children = (
				1CA022F02EAB90000091F5ED /* Weather-iOS.app */,
				1CA022FD2EAB90030091F5ED /* Weather-iOSTests.xctest */,
				1CA023072EAB90030091F5ED /* Weather-iOSUITests.xctest */,
			);
			name = Products;
			sourceTree = "<group>";
		};
		B7949157544A1E69AB60121D /* Frameworks */ = {
			isa = PBXGroup;
			children = (
				76BCCA27B757ED559E34F3BB /* Pods_Weather_iOS.framework */,
				A6781CDD5D107275C9FA7717 /* Pods_Weather_iOS_Weather_iOSUITests.framework */,
				AB94D7B6F2AAF620BA0082BE /* Pods_Weather_iOSTests.framework */,
			);
			name = Frameworks;
			sourceTree = "<group>";
		};
/* End PBXGroup section */

/* Begin PBXNativeTarget section */
		1CA022EF2EAB90000091F5ED /* Weather-iOS */ = {
			isa = PBXNativeTarget;
			buildConfigurationList = 1CA023112EAB90030091F5ED /* Build configuration list for PBXNativeTarget "Weather-iOS" */;
			buildPhases = (
				1CA022EC2EAB90000091F5ED /* Sources */,
				1CA022ED2EAB90000091F5ED /* Frameworks */,
				1CA022EE2EAB90000091F5ED /* Resources */,
			);
			buildRules = (
			);
			dependencies = (
			);
			fileSystemSynchronizedGroups = (
				1CA022F22EAB90000091F5ED /* Weather-iOS */,
			);
			name = "Weather-iOS";
			productName = "Weather-iOS";
			productReference = 1CA022F02EAB90000091F5ED /* Weather-iOS.app */;
			productType = "com.apple.product-type.application";
		};
		1CA022FC2EAB90030091F5ED /* Weather-iOSTests */ = {
			isa = PBXNativeTarget;
			buildConfigurationList = 1CA023142EAB90030091F5ED /* Build configuration list for PBXNativeTarget "Weather-iOSTests" */;
			buildPhases = (
				51093E41F89B50F5711E0412 /* [CP] Check Pods Manifest.lock */,
				1CA022F92EAB90030091F5ED /* Sources */,
				1CA022FA2EAB90030091F5ED /* Frameworks */,
				1CA022FB2EAB90030091F5ED /* Resources */,
			);
			buildRules = (
			);
			dependencies = (
				1CA022FF2EAB90030091F5ED /* PBXTargetDependency */,
			);
			fileSystemSynchronizedGroups = (
				1CA023002EAB90030091F5ED /* Weather-iOSTests */,
			);
			name = "Weather-iOSTests";
			productName = "Weather-iOSTests";
			productReference = 1CA022FD2EAB90030091F5ED /* Weather-iOSTests.xctest */;
			productType = "com.apple.product-type.bundle.unit-test";
		};
		1CA023062EAB90030091F5ED /* Weather-iOSUITests */ = {
			isa = PBXNativeTarget;
			buildConfigurationList = 1CA023172EAB90030091F5ED /* Build configuration list for PBXNativeTarget "Weather-iOSUITests" */;
			buildPhases = (
				41985B9A38EC8C421FB07F99 /* [CP] Check Pods Manifest.lock */,
				1CA023032EAB90030091F5ED /* Sources */,
				1CA023042EAB90030091F5ED /* Frameworks */,
				1CA023052EAB90030091F5ED /* Resources */,
				8942B0420481B6CF1868E0B6 /* [CP] Embed Pods Frameworks */,
			);
			buildRules = (
			);
			dependencies = (
				1CA023092EAB90030091F5ED /* PBXTargetDependency */,
			);
			fileSystemSynchronizedGroups = (
				1CA0230A2EAB90030091F5ED /* Weather-iOSUITests */,
			);
			name = "Weather-iOSUITests";
			productName = "Weather-iOSUITests";
			productReference = 1CA023072EAB90030091F5ED /* Weather-iOSUITests.xctest */;
			productType = "com.apple.product-type.bundle.ui-testing";
		};
/* End PBXNativeTarget section */

/* Begin PBXProject section */
		1CA022E82EAB90000091F5ED /* Project object */ = {
			isa = PBXProject;
			attributes = {
				BuildIndependentTargetsInParallel = 1;
				LastSwiftUpdateCheck = 2600;
				LastUpgradeCheck = 2600;
				TargetAttributes = {
					1CA022EF2EAB90000091F5ED = {
						CreatedOnToolsVersion = 26.0.1;
					};
					1CA022FC2EAB90030091F5ED = {
						CreatedOnToolsVersion = 26.0.1;
						TestTargetID = 1CA022EF2EAB90000091F5ED;
					};
					1CA023062EAB90030091F5ED = {
						CreatedOnToolsVersion = 26.0.1;
						TestTargetID = 1CA022EF2EAB90000091F5ED;
					};
				};
			};
			buildConfigurationList = 1CA022EB2EAB90000091F5ED /* Build configuration list for PBXProject "Weather-iOS" */;
			developmentRegion = en;
			hasScannedForEncodings = 0;
			knownRegions = (
				en,
				Base,
			);
			mainGroup = 1CA022E72EAB90000091F5ED;
			minimizedProjectReferenceProxies = 1;
			packageReferences = (
				1CC771F92EABD1E20055D6E2 /* XCRemoteSwiftPackageReference "Alamofire" */,
			);
			preferredProjectObjectVersion = 77;
			productRefGroup = 1CA022F12EAB90000091F5ED /* Products */;
			projectDirPath = "";
			projectRoot = "";
			targets = (
				1CA022EF2EAB90000091F5ED /* Weather-iOS */,
				1CA022FC2EAB90030091F5ED /* Weather-iOSTests */,
				1CA023062EAB90030091F5ED /* Weather-iOSUITests */,
			);
		};
/* End PBXProject section */

/* Begin PBXResourcesBuildPhase section */
		1CA022EE2EAB90000091F5ED /* Resources */ = {
			isa = PBXResourcesBuildPhase;
			buildActionMask = 2147483647;
			files = (
			);
			runOnlyForDeploymentPostprocessing = 0;
		};
		1CA022FB2EAB90030091F5ED /* Resources */ = {
			isa = PBXResourcesBuildPhase;
			buildActionMask = 2147483647;
			files = (
			);
			runOnlyForDeploymentPostprocessing = 0;
		};
		1CA023052EAB90030091F5ED /* Resources */ = {
			isa = PBXResourcesBuildPhase;
			buildActionMask = 2147483647;
			files = (
			);
			runOnlyForDeploymentPostprocessing = 0;
		};
/* End PBXResourcesBuildPhase section */

/* Begin PBXShellScriptBuildPhase section */
		41985B9A38EC8C421FB07F99 /* [CP] Check Pods Manifest.lock */ = {
			isa = PBXShellScriptBuildPhase;
			buildActionMask = 2147483647;
			files = (
			);
			inputFileListPaths = (
			);
			inputPaths = (
				"${PODS_PODFILE_DIR_PATH}/Podfile.lock",
				"${PODS_ROOT}/Manifest.lock",
			);
			name = "[CP] Check Pods Manifest.lock";
			outputFileListPaths = (
			);
			outputPaths = (
				"$(DERIVED_FILE_DIR)/Pods-Weather-iOS-Weather-iOSUITests-checkManifestLockResult.txt",
			);
			runOnlyForDeploymentPostprocessing = 0;
			shellPath = /bin/sh;
			shellScript = "diff \"${PODS_PODFILE_DIR_PATH}/Podfile.lock\" \"${PODS_ROOT}/Manifest.lock\" > /dev/null\nif [ $? != 0 ] ; then\n    # print error to STDERR\n    echo \"error: The sandbox is not in sync with the Podfile.lock. Run 'pod install' or update your CocoaPods installation.\" >&2\n    exit 1\nfi\n# This output is used by Xcode 'outputs' to avoid re-running this script phase.\necho \"SUCCESS\" > \"${SCRIPT_OUTPUT_FILE_0}\"\n";
			showEnvVarsInLog = 0;
		};
		51093E41F89B50F5711E0412 /* [CP] Check Pods Manifest.lock */ = {
			isa = PBXShellScriptBuildPhase;
			buildActionMask = 2147483647;
			files = (
			);
			inputFileListPaths = (
			);
			inputPaths = (
				"${PODS_PODFILE_DIR_PATH}/Podfile.lock",
				"${PODS_ROOT}/Manifest.lock",
			);
			name = "[CP] Check Pods Manifest.lock";
			outputFileListPaths = (
			);
			outputPaths = (
				"$(DERIVED_FILE_DIR)/Pods-Weather-iOSTests-checkManifestLockResult.txt",
			);
			runOnlyForDeploymentPostprocessing = 0;
			shellPath = /bin/sh;
			shellScript = "diff \"${PODS_PODFILE_DIR_PATH}/Podfile.lock\" \"${PODS_ROOT}/Manifest.lock\" > /dev/null\nif [ $? != 0 ] ; then\n    # print error to STDERR\n    echo \"error: The sandbox is not in sync with the Podfile.lock. Run 'pod install' or update your CocoaPods installation.\" >&2\n    exit 1\nfi\n# This output is used by Xcode 'outputs' to avoid re-running this script phase.\necho \"SUCCESS\" > \"${SCRIPT_OUTPUT_FILE_0}\"\n";
			showEnvVarsInLog = 0;
		};
		8942B0420481B6CF1868E0B6 /* [CP] Embed Pods Frameworks */ = {
			isa = PBXShellScriptBuildPhase;
			buildActionMask = 2147483647;
			files = (
			);
			inputFileListPaths = (
				"${PODS_ROOT}/Target Support Files/Pods-Weather-iOS-Weather-iOSUITests/Pods-Weather-iOS-Weather-iOSUITests-frameworks-${CONFIGURATION}-input-files.xcfilelist",
			);
			inputPaths = (
			);
			name = "[CP] Embed Pods Frameworks";
			outputFileListPaths = (
				"${PODS_ROOT}/Target Support Files/Pods-Weather-iOS-Weather-iOSUITests/Pods-Weather-iOS-Weather-iOSUITests-frameworks-${CONFIGURATION}-output-files.xcfilelist",
			);
			outputPaths = (
			);
			runOnlyForDeploymentPostprocessing = 0;
			shellPath = /bin/sh;
			shellScript = "\"${PODS_ROOT}/Target Support Files/Pods-Weather-iOS-Weather-iOSUITests/Pods-Weather-iOS-Weather-iOSUITests-frameworks.sh\"\n";
			showEnvVarsInLog = 0;
		};
/* End PBXShellScriptBuildPhase section */

/* Begin PBXSourcesBuildPhase section */
		1CA022EC2EAB90000091F5ED /* Sources */ = {
			isa = PBXSourcesBuildPhase;
			buildActionMask = 2147483647;
			files = (
			);
			runOnlyForDeploymentPostprocessing = 0;
		};
		1CA022F92EAB90030091F5ED /* Sources */ = {
			isa = PBXSourcesBuildPhase;
			buildActionMask = 2147483647;
			files = (
			);
			runOnlyForDeploymentPostprocessing = 0;
		};
		1CA023032EAB90030091F5ED /* Sources */ = {
			isa = PBXSourcesBuildPhase;
			buildActionMask = 2147483647;
			files = (
			);
			runOnlyForDeploymentPostprocessing = 0;
		};
/* End PBXSourcesBuildPhase section */

/* Begin PBXTargetDependency section */
		1CA022FF2EAB90030091F5ED /* PBXTargetDependency */ = {
			isa = PBXTargetDependency;
			target = 1CA022EF2EAB90000091F5ED /* Weather-iOS */;
			targetProxy = 1CA022FE2EAB90030091F5ED /* PBXContainerItemProxy */;
		};
		1CA023092EAB90030091F5ED /* PBXTargetDependency */ = {
			isa = PBXTargetDependency;
			target = 1CA022EF2EAB90000091F5ED /* Weather-iOS */;
			targetProxy = 1CA023082EAB90030091F5ED /* PBXContainerItemProxy */;
		};
/* End PBXTargetDependency section */

/* Begin XCBuildConfiguration section */
		1CA0230F2EAB90030091F5ED /* Debug */ = {
			isa = XCBuildConfiguration;
			buildSettings = {
				ALWAYS_SEARCH_USER_PATHS = NO;
				ASSETCATALOG_COMPILER_GENERATE_SWIFT_ASSET_SYMBOL_EXTENSIONS = YES;
				CLANG_ANALYZER_NONNULL = YES;
				CLANG_ANALYZER_NUMBER_OBJECT_CONVERSION = YES_AGGRESSIVE;
				CLANG_CXX_LANGUAGE_STANDARD = "gnu++20";
				CLANG_ENABLE_MODULES = YES;
				CLANG_ENABLE_OBJC_ARC = YES;
				CLANG_ENABLE_OBJC_WEAK = YES;
				CLANG_WARN_BLOCK_CAPTURE_AUTORELEASING = YES;
				CLANG_WARN_BOOL_CONVERSION = YES;
				CLANG_WARN_COMMA = YES;
				CLANG_WARN_CONSTANT_CONVERSION = YES;
				CLANG_WARN_DEPRECATED_OBJC_IMPLEMENTATIONS = YES;
				CLANG_WARN_DIRECT_OBJC_ISA_USAGE = YES_ERROR;
				CLANG_WARN_DOCUMENTATION_COMMENTS = YES;
				CLANG_WARN_EMPTY_BODY = YES;
				CLANG_WARN_ENUM_CONVERSION = YES;
				CLANG_WARN_INFINITE_RECURSION = YES;
				CLANG_WARN_INT_CONVERSION = YES;
				CLANG_WARN_NON_LITERAL_NULL_CONVERSION = YES;
				CLANG_WARN_OBJC_IMPLICIT_RETAIN_SELF = YES;
				CLANG_WARN_OBJC_LITERAL_CONVERSION = YES;
				CLANG_WARN_OBJC_ROOT_CLASS = YES_ERROR;
				CLANG_WARN_QUOTED_INCLUDE_IN_FRAMEWORK_HEADER = YES;
				CLANG_WARN_RANGE_LOOP_ANALYSIS = YES;
				CLANG_WARN_STRICT_PROTOTYPES = YES;
				CLANG_WARN_SUSPICIOUS_MOVE = YES;
				CLANG_WARN_UNGUARDED_AVAILABILITY = YES_AGGRESSIVE;
				CLANG_WARN_UNREACHABLE_CODE = YES;
				CLANG_WARN__DUPLICATE_METHOD_MATCH = YES;
				COPY_PHASE_STRIP = NO;
				DEBUG_INFORMATION_FORMAT = dwarf;
				DEVELOPMENT_TEAM = LSBJ55A38U;
				ENABLE_STRICT_OBJC_MSGSEND = YES;
				ENABLE_TESTABILITY = YES;
				ENABLE_USER_SCRIPT_SANDBOXING = YES;
				GCC_C_LANGUAGE_STANDARD = gnu17;
				GCC_DYNAMIC_NO_PIC = NO;
				GCC_NO_COMMON_BLOCKS = YES;
				GCC_OPTIMIZATION_LEVEL = 0;
				GCC_PREPROCESSOR_DEFINITIONS = (
					"DEBUG=1",
					"$(inherited)",
				);
				GCC_WARN_64_TO_32_BIT_CONVERSION = YES;
				GCC_WARN_ABOUT_RETURN_TYPE = YES_ERROR;
				GCC_WARN_UNDECLARED_SELECTOR = YES;
				GCC_WARN_UNINITIALIZED_AUTOS = YES_AGGRESSIVE;
				GCC_WARN_UNUSED_FUNCTION = YES;
				GCC_WARN_UNUSED_VARIABLE = YES;
				IPHONEOS_DEPLOYMENT_TARGET = 26.0;
				LOCALIZATION_PREFERS_STRING_CATALOGS = YES;
				MTL_ENABLE_DEBUG_INFO = INCLUDE_SOURCE;
				MTL_FAST_MATH = YES;
				ONLY_ACTIVE_ARCH = YES;
				SDKROOT = iphoneos;
				SWIFT_ACTIVE_COMPILATION_CONDITIONS = "DEBUG $(inherited)";
				SWIFT_OPTIMIZATION_LEVEL = "-Onone";
			};
			name = Debug;
		};
		1CA023102EAB90030091F5ED /* Release */ = {
			isa = XCBuildConfiguration;
			buildSettings = {
				ALWAYS_SEARCH_USER_PATHS = NO;
				ASSETCATALOG_COMPILER_GENERATE_SWIFT_ASSET_SYMBOL_EXTENSIONS = YES;
				CLANG_ANALYZER_NONNULL = YES;
				CLANG_ANALYZER_NUMBER_OBJECT_CONVERSION = YES_AGGRESSIVE;
				CLANG_CXX_LANGUAGE_STANDARD = "gnu++20";
				CLANG_ENABLE_MODULES = YES;
				CLANG_ENABLE_OBJC_ARC = YES;
				CLANG_ENABLE_OBJC_WEAK = YES;
				CLANG_WARN_BLOCK_CAPTURE_AUTORELEASING = YES;
				CLANG_WARN_BOOL_CONVERSION = YES;
				CLANG_WARN_COMMA = YES;
				CLANG_WARN_CONSTANT_CONVERSION = YES;
				CLANG_WARN_DEPRECATED_OBJC_IMPLEMENTATIONS = YES;
				CLANG_WARN_DIRECT_OBJC_ISA_USAGE = YES_ERROR;
				CLANG_WARN_DOCUMENTATION_COMMENTS = YES;
				CLANG_WARN_EMPTY_BODY = YES;
				CLANG_WARN_ENUM_CONVERSION = YES;
				CLANG_WARN_INFINITE_RECURSION = YES;
				CLANG_WARN_INT_CONVERSION = YES;
				CLANG_WARN_NON_LITERAL_NULL_CONVERSION = YES;
				CLANG_WARN_OBJC_IMPLICIT_RETAIN_SELF = YES;
				CLANG_WARN_OBJC_LITERAL_CONVERSION = YES;
				CLANG_WARN_OBJC_ROOT_CLASS = YES_ERROR;
				CLANG_WARN_QUOTED_INCLUDE_IN_FRAMEWORK_HEADER = YES;
				CLANG_WARN_RANGE_LOOP_ANALYSIS = YES;
				CLANG_WARN_STRICT_PROTOTYPES = YES;
				CLANG_WARN_SUSPICIOUS_MOVE = YES;
				CLANG_WARN_UNGUARDED_AVAILABILITY = YES_AGGRESSIVE;
				CLANG_WARN_UNREACHABLE_CODE = YES;
				CLANG_WARN__DUPLICATE_METHOD_MATCH = YES;
				COPY_PHASE_STRIP = NO;
				DEBUG_INFORMATION_FORMAT = "dwarf-with-dsym";
				DEVELOPMENT_TEAM = LSBJ55A38U;
				ENABLE_NS_ASSERTIONS = NO;
				ENABLE_STRICT_OBJC_MSGSEND = YES;
				ENABLE_USER_SCRIPT_SANDBOXING = YES;
				GCC_C_LANGUAGE_STANDARD = gnu17;
				GCC_NO_COMMON_BLOCKS = YES;
				GCC_WARN_64_TO_32_BIT_CONVERSION = YES;
				GCC_WARN_ABOUT_RETURN_TYPE = YES_ERROR;
				GCC_WARN_UNDECLARED_SELECTOR = YES;
				GCC_WARN_UNINITIALIZED_AUTOS = YES_AGGRESSIVE;
				GCC_WARN_UNUSED_FUNCTION = YES;
				GCC_WARN_UNUSED_VARIABLE = YES;
				IPHONEOS_DEPLOYMENT_TARGET = 26.0;
				LOCALIZATION_PREFERS_STRING_CATALOGS = YES;
				MTL_ENABLE_DEBUG_INFO = NO;
				MTL_FAST_MATH = YES;
				SDKROOT = iphoneos;
				SWIFT_COMPILATION_MODE = wholemodule;
				VALIDATE_PRODUCT = YES;
			};
			name = Release;
		};
		1CA023122EAB90030091F5ED /* Debug */ = {
			isa = XCBuildConfiguration;
			buildSettings = {
				ASSETCATALOG_COMPILER_APPICON_NAME = AppIcon;
				ASSETCATALOG_COMPILER_GLOBAL_ACCENT_COLOR_NAME = AccentColor;
				CODE_SIGN_STYLE = Automatic;
				CURRENT_PROJECT_VERSION = 1;
				DEVELOPMENT_TEAM = LSBJ55A38U;
				ENABLE_PREVIEWS = YES;
				GENERATE_INFOPLIST_FILE = YES;
				INFOPLIST_KEY_UIApplicationSceneManifest_Generation = YES;
				INFOPLIST_KEY_UIApplicationSupportsIndirectInputEvents = YES;
				INFOPLIST_KEY_UILaunchScreen_Generation = YES;
				INFOPLIST_KEY_UISupportedInterfaceOrientations_iPad = "UIInterfaceOrientationPortrait UIInterfaceOrientationPortraitUpsideDown UIInterfaceOrientationLandscapeLeft UIInterfaceOrientationLandscapeRight";
				INFOPLIST_KEY_UISupportedInterfaceOrientations_iPhone = "UIInterfaceOrientationPortrait UIInterfaceOrientationLandscapeLeft UIInterfaceOrientationLandscapeRight";
				LD_RUNPATH_SEARCH_PATHS = (
					"$(inherited)",
					"@executable_path/Frameworks",
				);
				MARKETING_VERSION = 1.0;
				PRODUCT_BUNDLE_IDENTIFIER = "com.test.dev.tz.Weather-iOS";
				PRODUCT_NAME = "$(TARGET_NAME)";
				STRING_CATALOG_GENERATE_SYMBOLS = YES;
				SWIFT_APPROACHABLE_CONCURRENCY = YES;
				SWIFT_DEFAULT_ACTOR_ISOLATION = MainActor;
				SWIFT_EMIT_LOC_STRINGS = YES;
				SWIFT_UPCOMING_FEATURE_MEMBER_IMPORT_VISIBILITY = YES;
				SWIFT_VERSION = 5.0;
				TARGETED_DEVICE_FAMILY = "1,2";
			};
			name = Debug;
		};
		1CA023132EAB90030091F5ED /* Release */ = {
			isa = XCBuildConfiguration;
			buildSettings = {
				ASSETCATALOG_COMPILER_APPICON_NAME = AppIcon;
				ASSETCATALOG_COMPILER_GLOBAL_ACCENT_COLOR_NAME = AccentColor;
				CODE_SIGN_STYLE = Automatic;
				CURRENT_PROJECT_VERSION = 1;
				DEVELOPMENT_TEAM = LSBJ55A38U;
				ENABLE_PREVIEWS = YES;
				GENERATE_INFOPLIST_FILE = YES;
				INFOPLIST_KEY_UIApplicationSceneManifest_Generation = YES;
				INFOPLIST_KEY_UIApplicationSupportsIndirectInputEvents = YES;
				INFOPLIST_KEY_UILaunchScreen_Generation = YES;
				INFOPLIST_KEY_UISupportedInterfaceOrientations_iPad = "UIInterfaceOrientationPortrait UIInterfaceOrientationPortraitUpsideDown UIInterfaceOrientationLandscapeLeft UIInterfaceOrientationLandscapeRight";
				INFOPLIST_KEY_UISupportedInterfaceOrientations_iPhone = "UIInterfaceOrientationPortrait UIInterfaceOrientationLandscapeLeft UIInterfaceOrientationLandscapeRight";
				LD_RUNPATH_SEARCH_PATHS = (
					"$(inherited)",
					"@executable_path/Frameworks",
				);
				MARKETING_VERSION = 1.0;
				PRODUCT_BUNDLE_IDENTIFIER = "com.test.dev.tz.Weather-iOS";
				PRODUCT_NAME = "$(TARGET_NAME)";
				STRING_CATALOG_GENERATE_SYMBOLS = YES;
				SWIFT_APPROACHABLE_CONCURRENCY = YES;
				SWIFT_DEFAULT_ACTOR_ISOLATION = MainActor;
				SWIFT_EMIT_LOC_STRINGS = YES;
				SWIFT_UPCOMING_FEATURE_MEMBER_IMPORT_VISIBILITY = YES;
				SWIFT_VERSION = 5.0;
				TARGETED_DEVICE_FAMILY = "1,2";
			};
			name = Release;
		};
		1CA023152EAB90030091F5ED /* Debug */ = {
			isa = XCBuildConfiguration;
			buildSettings = {
				BUNDLE_LOADER = "$(TEST_HOST)";
				CODE_SIGN_STYLE = Automatic;
				CURRENT_PROJECT_VERSION = 1;
				DEVELOPMENT_TEAM = LSBJ55A38U;
				GENERATE_INFOPLIST_FILE = YES;
				IPHONEOS_DEPLOYMENT_TARGET = 26.0;
				MARKETING_VERSION = 1.0;
				PRODUCT_BUNDLE_IDENTIFIER = "com.test.dev.tz.Weather-iOSTests";
				PRODUCT_NAME = "$(TARGET_NAME)";
				STRING_CATALOG_GENERATE_SYMBOLS = NO;
				SWIFT_APPROACHABLE_CONCURRENCY = YES;
				SWIFT_EMIT_LOC_STRINGS = NO;
				SWIFT_UPCOMING_FEATURE_MEMBER_IMPORT_VISIBILITY = YES;
				SWIFT_VERSION = 5.0;
				TARGETED_DEVICE_FAMILY = "1,2";
				TEST_HOST = "$(BUILT_PRODUCTS_DIR)/Weather-iOS.app/$(BUNDLE_EXECUTABLE_FOLDER_PATH)/Weather-iOS";
			};
			name = Debug;
		};
		1CA023162EAB90030091F5ED /* Release */ = {
			isa = XCBuildConfiguration;
			buildSettings = {
				BUNDLE_LOADER = "$(TEST_HOST)";
				CODE_SIGN_STYLE = Automatic;
				CURRENT_PROJECT_VERSION = 1;
				DEVELOPMENT_TEAM = LSBJ55A38U;
				GENERATE_INFOPLIST_FILE = YES;
				IPHONEOS_DEPLOYMENT_TARGET = 26.0;
				MARKETING_VERSION = 1.0;
				PRODUCT_BUNDLE_IDENTIFIER = "com.test.dev.tz.Weather-iOSTests";
				PRODUCT_NAME = "$(TARGET_NAME)";
				STRING_CATALOG_GENERATE_SYMBOLS = NO;
				SWIFT_APPROACHABLE_CONCURRENCY = YES;
				SWIFT_EMIT_LOC_STRINGS = NO;
				SWIFT_UPCOMING_FEATURE_MEMBER_IMPORT_VISIBILITY = YES;
				SWIFT_VERSION = 5.0;
				TARGETED_DEVICE_FAMILY = "1,2";
				TEST_HOST = "$(BUILT_PRODUCTS_DIR)/Weather-iOS.app/$(BUNDLE_EXECUTABLE_FOLDER_PATH)/Weather-iOS";
			};
			name = Release;
		};
		1CA023182EAB90030091F5ED /* Debug */ = {
			isa = XCBuildConfiguration;
			buildSettings = {
				CODE_SIGN_STYLE = Automatic;
				CURRENT_PROJECT_VERSION = 1;
				DEVELOPMENT_TEAM = LSBJ55A38U;
				GENERATE_INFOPLIST_FILE = YES;
				MARKETING_VERSION = 1.0;
				PRODUCT_BUNDLE_IDENTIFIER = "com.test.dev.tz.Weather-iOSUITests";
				PRODUCT_NAME = "$(TARGET_NAME)";
				STRING_CATALOG_GENERATE_SYMBOLS = NO;
				SWIFT_APPROACHABLE_CONCURRENCY = YES;
				SWIFT_EMIT_LOC_STRINGS = NO;
				SWIFT_UPCOMING_FEATURE_MEMBER_IMPORT_VISIBILITY = YES;
				SWIFT_VERSION = 5.0;
				TARGETED_DEVICE_FAMILY = "1,2";
				TEST_TARGET_NAME = "Weather-iOS";
			};
			name = Debug;
		};
		1CA023192EAB90030091F5ED /* Release */ = {
			isa = XCBuildConfiguration;
			buildSettings = {
				CODE_SIGN_STYLE = Automatic;
				CURRENT_PROJECT_VERSION = 1;
				DEVELOPMENT_TEAM = LSBJ55A38U;
				GENERATE_INFOPLIST_FILE = YES;
				MARKETING_VERSION = 1.0;
				PRODUCT_BUNDLE_IDENTIFIER = "com.test.dev.tz.Weather-iOSUITests";
				PRODUCT_NAME = "$(TARGET_NAME)";
				STRING_CATALOG_GENERATE_SYMBOLS = NO;
				SWIFT_APPROACHABLE_CONCURRENCY = YES;
				SWIFT_EMIT_LOC_STRINGS = NO;
				SWIFT_UPCOMING_FEATURE_MEMBER_IMPORT_VISIBILITY = YES;
				SWIFT_VERSION = 5.0;
				TARGETED_DEVICE_FAMILY = "1,2";
				TEST_TARGET_NAME = "Weather-iOS";
			};
			name = Release;
		};
/* End XCBuildConfiguration section */

/* Begin XCConfigurationList section */
		1CA022EB2EAB90000091F5ED /* Build configuration list for PBXProject "Weather-iOS" */ = {
			isa = XCConfigurationList;
			buildConfigurations = (
				1CA0230F2EAB90030091F5ED /* Debug */,
				1CA023102EAB90030091F5ED /* Release */,
			);
			defaultConfigurationIsVisible = 0;
			defaultConfigurationName = Release;
		};
		1CA023112EAB90030091F5ED /* Build configuration list for PBXNativeTarget "Weather-iOS" */ = {
			isa = XCConfigurationList;
			buildConfigurations = (
				1CA023122EAB90030091F5ED /* Debug */,
				1CA023132EAB90030091F5ED /* Release */,
			);
			defaultConfigurationIsVisible = 0;
			defaultConfigurationName = Release;
		};
		1CA023142EAB90030091F5ED /* Build configuration list for PBXNativeTarget "Weather-iOSTests" */ = {
			isa = XCConfigurationList;
			buildConfigurations = (
				1CA023152EAB90030091F5ED /* Debug */,
				1CA023162EAB90030091F5ED /* Release */,
			);
			defaultConfigurationIsVisible = 0;
			defaultConfigurationName = Release;
		};
		1CA023172EAB90030091F5ED /* Build configuration list for PBXNativeTarget "Weather-iOSUITests" */ = {
			isa = XCConfigurationList;
			buildConfigurations = (
				1CA023182EAB90030091F5ED /* Debug */,
				1CA023192EAB90030091F5ED /* Release */,
			);
			defaultConfigurationIsVisible = 0;
			defaultConfigurationName = Release;
		};
/* End XCConfigurationList section */

/* Begin XCRemoteSwiftPackageReference section */
		1CC771F92EABD1E20055D6E2 /* XCRemoteSwiftPackageReference "Alamofire" */ = {
			isa = XCRemoteSwiftPackageReference;
			repositoryURL = "https://github.com/Alamofire/Alamofire.git";
			requirement = {
				kind = upToNextMajorVersion;
				minimumVersion = 5.10.2;
			};
		};
/* End XCRemoteSwiftPackageReference section */

/* Begin XCSwiftPackageProductDependency section */
		1CDACC3F2EAC873B00D0E108 /* Alamofire */ = {
			isa = XCSwiftPackageProductDependency;
			package = 1CC771F92EABD1E20055D6E2 /* XCRemoteSwiftPackageReference "Alamofire" */;
			productName = Alamofire;
		};
/* End XCSwiftPackageProductDependency section */
	};
	rootObject = 1CA022E82EAB90000091F5ED /* Project object */;
}
